
Microsoft Visual Studio Solution File, Format Version 12.00
# Visual Studio Version 17
VisualStudioVersion = 17.5.33516.290
MinimumVisualStudioVersion = 10.0.40219.1
Project("{8BC9CEB8-8B4A-11D0-8D11-00A0C91BC942}") = "Memberinitlist", "Memberinitlist\Memberinitlist.vcxproj", "{DDD98B90-AAC0-4C79-A65B-1211D8B1AC9D}"
EndProject
Project("{8BC9CEB8-8B4A-11D0-8D11-00A0C91BC942}") = "asosiasi", "asosiasi\asosiasi.vcxproj", "{082BB5FF-E1EC-4DE8-808C-C8FF32216236}"
EndProject
Project("{8BC9CEB8-8B4A-11D0-8D11-00A0C91BC942}") = "mainIA", "mainIA\mainIA.vcxproj", "{AF098955-B1ED-47AB-AC92-F339F2A6A34B}"
EndProject
Project("{8BC9CEB8-8B4A-11D0-8D11-00A0C91BC942}") = "mainJM", "mainJM\mainJM.vcxproj", "{AD52DDCF-0746-4838-81A5-D294FE6BEC54}"
EndProject
Global
	GlobalSection(SolutionConfigurationPlatforms) = preSolution
		Debug|x64 = Debug|x64
		Debug|x86 = Debug|x86
		Release|x64 = Release|x64
		Release|x86 = Release|x86
	EndGlobalSection
	GlobalSection(ProjectConfigurationPlatforms) = postSolution
		{DDD98B90-AAC0-4C79-A65B-1211D8B1AC9D}.Debug|x64.ActiveCfg = Debug|x64
		{DDD98B90-AAC0-4C79-A65B-1211D8B1AC9D}.Debug|x64.Build.0 = Debug|x64
		{DDD98B90-AAC0-4C79-A65B-1211D8B1AC9D}.Debug|x86.ActiveCfg = Debug|Win32
		{DDD98B90-AAC0-4C79-A65B-1211D8B1AC9D}.Debug|x86.Build.0 = Debug|Win32
		{DDD98B90-AAC0-4C79-A65B-1211D8B1AC9D}.Release|x64.ActiveCfg = Release|x64
		{DDD98B90-AAC0-4C79-A65B-1211D8B1AC9D}.Release|x64.Build.0 = Release|x64
		{DDD98B90-AAC0-4C79-A65B-1211D8B1AC9D}.Release|x86.ActiveCfg = Release|Win32
		{DDD98B90-AAC0-4C79-A65B-1211D8B1AC9D}.Release|x86.Build.0 = Release|Win32
		{082BB5FF-E1EC-4DE8-808C-C8FF32216236}.Debug|x64.ActiveCfg = Debug|x64
		{082BB5FF-E1EC-4DE8-808C-C8FF32216236}.Debug|x64.Build.0 = Debug|x64
		{082BB5FF-E1EC-4DE8-808C-C8FF32216236}.Debug|x86.ActiveCfg = Debug|Win32
		{082BB5FF-E1EC-4DE8-808C-C8FF32216236}.Debug|x86.Build.0 = Debug|Win32
		{082BB5FF-E1EC-4DE8-808C-C8FF32216236}.Release|x64.ActiveCfg = Release|x64
		{082BB5FF-E1EC-4DE8-808C-C8FF32216236}.Release|x64.Build.0 = Release|x64
		{082BB5FF-E1EC-4DE8-808C-C8FF32216236}.Release|x86.ActiveCfg = Release|Win32
		{082BB5FF-E1EC-4DE8-808C-C8FF32216236}.Release|x86.Build.0 = Release|Win32
		{AF098955-B1ED-47AB-AC92-F339F2A6A34B}.Debug|x64.ActiveCfg = Debug|x64
		{AF098955-B1ED-47AB-AC92-F339F2A6A34B}.Debug|x64.Build.0 = Debug|x64
		{AF098955-B1ED-47AB-AC92-F339F2A6A34B}.Debug|x86.ActiveCfg = Debug|Win32
		{AF098955-B1ED-47AB-AC92-F339F2A6A34B}.Debug|x86.Build.0 = Debug|Win32
		{AF098955-B1ED-47AB-AC92-F339F2A6A34B}.Release|x64.ActiveCfg = Release|x64
		{AF098955-B1ED-47AB-AC92-F339F2A6A34B}.Release|x64.Build.0 = Release|x64
		{AF098955-B1ED-47AB-AC92-F339F2A6A34B}.Release|x86.ActiveCfg = Release|Win32
		{AF098955-B1ED-47AB-AC92-F339F2A6A34B}.Release|x86.Build.0 = Release|Win32
		{AD52DDCF-0746-4838-81A5-D294FE6BEC54}.Debug|x64.ActiveCfg = Debug|x64
		{AD52DDCF-0746-4838-81A5-D294FE6BEC54}.Debug|x64.Build.0 = Debug|x64
		{AD52DDCF-0746-4838-81A5-D294FE6BEC54}.Debug|x86.ActiveCfg = Debug|Win32
		{AD52DDCF-0746-4838-81A5-D294FE6BEC54}.Debug|x86.Build.0 = Debug|Win32
		{AD52DDCF-0746-4838-81A5-D294FE6BEC54}.Release|x64.ActiveCfg = Release|x64
		{AD52DDCF-0746-4838-81A5-D294FE6BEC54}.Release|x64.Build.0 = Release|x64
		{AD52DDCF-0746-4838-81A5-D294FE6BEC54}.Release|x86.ActiveCfg = Release|Win32
		{AD52DDCF-0746-4838-81A5-D294FE6BEC54}.Release|x86.Build.0 = Release|Win32
	EndGlobalSection
	GlobalSection(SolutionProperties) = preSolution
		HideSolutionNode = FALSE
	EndGlobalSection
	GlobalSection(ExtensibilityGlobals) = postSolution
		SolutionGuid = {CBDA81C6-0006-4EA4-A257-D7FE29CB9412}
	EndGlobalSection
EndGlobal
